github.com/reach-sh/reach-lang/rpc-client/go v0.0.0-20210802132843-c5727dff87f0 h1:AxLNUdvffkpq69JDxsgeEJOOb3x/uOhbnHfyFVpa6qE=
github.com/reach-sh/reach-lang/rpc-client/go v0.0.0-20210802132843-c5727dff87f0/go.mod h1:DYBIr+GSAkPzI//9ndzL+tHhhCNPzwQ2HMOTyo/6nmk=
github.com/reach-sh/reach-lang/rpc-client/go v0.0.0-20210827152956-63711e8dbb63 h1:LMSwEC6XqKEp99nJ8+nxCbJOS73e+M3T/l1hrvmNoqw=
github.com/reach-sh/reach-lang/rpc-client/go v0.0.0-20210827152956-63711e8dbb63/go.mod h1:DYBIr+GSAkPzI//9ndzL+tHhhCNPzwQ2HMOTyo/6nmk=
github.com/reach-sh/reach-lang/rpc-client/go v0.0.0-20210830150455-39d499e160e9 h1:lQLKb7bVB1sVOVnOnfmmD2CP82ZJ/cKah19cMRjVq9M=
github.com/reach-sh/reach-lang/rpc-client/go v0.0.0-20210830150455-39d499e160e9/go.mod h1:DYBIr+GSAkPzI//9ndzL+tHhhCNPzwQ2HMOTyo/6nmk=
github.com/reach-sh/reach-lang/rpc-client/go v0.0.0-20210830184656-0e597918a852 h1:d1c5GsobgVMVjCJAsC0EKLU0Zn4P8gDjZ/Z7+V+rW5Q=
github.com/reach-sh/reach-lang/rpc-client/go v0.0.0-20210830184656-0e597918a852/go.mod h1:DYBIr+GSAkPzI//9ndzL+tHhhCNPzwQ2HMOTyo/6nmk=
github.com/reach-sh/reach-lang/rpc-client/go v0.0.0-20210901141127-1dc9285228f6 h1:Ohn45qZcj/fMqcT+TNuWeyqClX8YxXwemlJffYAZ7uY=
github.com/reach-sh/reach-lang/rpc-client/go v0.0.0-20210901141127-1dc9285228f6/go.mod h1:DYBIr+GSAkPzI//9ndzL+tHhhCNPzwQ2HMOTyo/6nmk=
github.com/reach-sh/reach-lang/rpc-client/go v0.0.0-20210901202249-7e2f63e96d0f h1:WnXf6Wm64X4pLg4JKEKx2bWmg3JneTd9I69KHq0rQPU=
github.com/reach-sh/reach-lang/rpc-client/go v0.0.0-20210901202249-7e2f63e96d0f/go.mod h1:DYBIr+GSAkPzI//9ndzL+tHhhCNPzwQ2HMOTyo/6nmk=
